{
  "version": "2",
  "remote": {
    "https://cdn.skypack.dev/-/preact-render-to-string@v6.0.3-fRQ9HpDzsZPAkgKTz4NK/dist=es2019,mode=imports/optimized/preact-render-to-string.js": "08bc3a9cf521f121c52c1dc93315849d19d9b1d46724bedb7a579b5736a8ec81",
    "https://cdn.skypack.dev/-/preact@v10.13.2-dlVpgQXwu1ooeOhsF8D9/dist=es2019,mode=imports/optimized/preact.js": "77e75ffccb9df5c1b74b1cc6234822d14d6150e460fd3a81e5977ea62626a5c5",
    "https://cdn.skypack.dev/preact": "5ae6042c00d768ec3611f1b034f78731ce28e6fdf4517686567b624295738376",
    "https://cdn.skypack.dev/preact-render-to-string@v6.0.3": "d5994c2df30afa8de01108f9b3f665f680eac3d3a2dbb775a288a042f107492d",
    "https://deno.land/std@0.155.0/async/abortable.ts": "87aa7230be8360c24ad437212311c9e8d4328854baec27b4c7abb26e85515c06",
    "https://deno.land/std@0.155.0/async/deadline.ts": "48ac998d7564969f3e6ec6b6f9bf0217ebd00239b1b2292feba61272d5dd58d0",
    "https://deno.land/std@0.155.0/async/debounce.ts": "de5433bff08a2bb61416fc53b3bd2d5867090c8a815465e5b4a10a77495b1051",
    "https://deno.land/std@0.155.0/async/deferred.ts": "c01de44b9192359cebd3fe93273fcebf9e95110bf3360023917da9a2d1489fae",
    "https://deno.land/std@0.155.0/async/delay.ts": "0419dfc993752849692d1f9647edf13407c7facc3509b099381be99ffbc9d699",
    "https://deno.land/std@0.155.0/async/mod.ts": "dd0a8ed4f3984ffabe2fcca7c9f466b7932d57b1864ffee148a5d5388316db6b",
    "https://deno.land/std@0.155.0/async/mux_async_iterator.ts": "3447b28a2a582224a3d4d3596bccbba6e85040da3b97ed64012f7decce98d093",
    "https://deno.land/std@0.155.0/async/pool.ts": "ef9eb97b388543acbf0ac32647121e4dbe629236899586c4d4311a8770fbb239",
    "https://deno.land/std@0.155.0/async/tee.ts": "d27680d911816fcb3d231e16d690e7588079e66a9b2e5ce8cc354db94fdce95f",
    "https://deno.land/std@0.155.0/http/server.ts": "e2e16f0b124ffef022ad04797d4250d6e4fc0d9579780999091949b17789dd1a",
    "https://deno.land/x/dotenv@v3.2.2/mod.ts": "077b48773de9205266a0b44c3c3a3c3083449ed64bb0b6cc461b95720678d38e",
    "https://deno.land/x/dotenv@v3.2.2/util.ts": "693730877b13f8ead2b79b2aa31e2a0652862f7dc0c5f6d2f313f4d39c7b7670",
    "https://esm.sh/preact-render-to-string@v6.0.3": "8c4eb785a4121b8d1aec05150fae34c286a2e8e6f54d3fefff385d85e4371ea7",
    "https://esm.sh/preact@10.13.2": "5ebf0838bbc3c32fc6e78a4cd9dd672f2c36386d0595815d721a6b0941278488",
    "https://esm.sh/stable/preact@10.13.2/deno/preact.mjs": "365fab897381f4f403f859c5d12939084560545567108cc90dae901bbe892578",
    "https://esm.sh/v118/preact@10.13.2/src/index.d.ts": "65398710de6aa0a07412da79784e05e6e96763f51c7c91b77344d2d0af06385c",
    "https://esm.sh/v118/preact@10.13.2/src/jsx.d.ts": "9ac9b82c199fa7b04748807d750eba1a106c0be52041b8617416f88d6fc0a257",
    "https://esm.sh/v119/preact-render-to-string@6.0.3/deno/preact-render-to-string.mjs": "16bf086ec72d752f54d8ce3f4099ea178789a700c0a9c980b4cc8ef0e6777ce3",
    "https://esm.sh/v119/preact-render-to-string@6.0.3/src/index.d.ts": "28b13d2c142b9219503f28d91514c9ce09bd9e74928eef1ed76982a3915bd608"
  }
}
